
Microsoft Visual Studio Solution File, Format Version 12.00
# Visual Studio Version 17
VisualStudioVersion = 17.4.33205.214
MinimumVisualStudioVersion = 10.0.40219.1
Project("{FAE04EC0-301F-11D3-BF4B-00C04F79EFBC}") = "Bellman_Forduv_alg", "Bellman_Forduv_alg\Bellman_Forduv_alg.csproj", "{CCE9AEFD-E68B-4469-8451-73DA059EA8BE}"
EndProject
Global
	GlobalSection(SolutionConfigurationPlatforms) = preSolution
		Debug|Any CPU = Debug|Any CPU
		Release|Any CPU = Release|Any CPU
	EndGlobalSection
	GlobalSection(ProjectConfigurationPlatforms) = postSolution
		{CCE9AEFD-E68B-4469-8451-73DA059EA8BE}.Debug|Any CPU.ActiveCfg = Debug|Any CPU
		{CCE9AEFD-E68B-4469-8451-73DA059EA8BE}.Debug|Any CPU.Build.0 = Debug|Any CPU
		{CCE9AEFD-E68B-4469-8451-73DA059EA8BE}.Release|Any CPU.ActiveCfg = Release|Any CPU
		{CCE9AEFD-E68B-4469-8451-73DA059EA8BE}.Release|Any CPU.Build.0 = Release|Any CPU
	EndGlobalSection
	GlobalSection(SolutionProperties) = preSolution
		HideSolutionNode = FALSE
	EndGlobalSection
	GlobalSection(ExtensibilityGlobals) = postSolution
		SolutionGuid = {A0ECF819-AA9A-4125-B505-C256628796AE}
	EndGlobalSection
EndGlobal
